{
  "lockfileVersion": 1,
  "workspaces": {
    "": {
      "name": "emu",
      "devDependencies": {
        "lefthook": "^1.10.0",
      },
    },
  },
  "packages": {
    "lefthook": ["lefthook@1.11.13", "", { "optionalDependencies": { "lefthook-darwin-arm64": "1.11.13", "lefthook-darwin-x64": "1.11.13", "lefthook-freebsd-arm64": "1.11.13", "lefthook-freebsd-x64": "1.11.13", "lefthook-linux-arm64": "1.11.13", "lefthook-linux-x64": "1.11.13", "lefthook-openbsd-arm64": "1.11.13", "lefthook-openbsd-x64": "1.11.13", "lefthook-windows-arm64": "1.11.13", "lefthook-windows-x64": "1.11.13" }, "bin": { "lefthook": "bin/index.js" } }, "sha512-SDTk3D4nW1XRpR9u9fdYQ/qj1xeZVIwZmIFdJUnyq+w9ZLdCCvIrOmtD8SFiJowSevISjQDC+f9nqyFXUxc0SQ=="],

    "lefthook-darwin-arm64": ["lefthook-darwin-arm64@1.11.13", "", { "os": "darwin", "cpu": "arm64" }, "sha512-gHwHofXupCtzNLN+8esdWfFTnAEkmBxE/WKA0EwxPPJXdZYa1GUsiG5ipq/CdG/0j8ekYyM9Hzyrrk5BqJ42xw=="],

    "lefthook-darwin-x64": ["lefthook-darwin-x64@1.11.13", "", { "os": "darwin", "cpu": "x64" }, "sha512-zYxkWNUirmTidhskY9J9AwxvdMi3YKH+TqZ3AQ1EOqkOwPBWJQW5PbnzsXDrd3YnrtZScYm/tE/moXJpEPPIpQ=="],

    "lefthook-freebsd-arm64": ["lefthook-freebsd-arm64@1.11.13", "", { "os": "freebsd", "cpu": "arm64" }, "sha512-gJzWnllcMcivusmPorEkXPpEciKotlBHn7QxWwYaSjss/U3YdZu+NTjDO30b3qeiVlyq4RAZ4BPKJODXxHHwUA=="],

    "lefthook-freebsd-x64": ["lefthook-freebsd-x64@1.11.13", "", { "os": "freebsd", "cpu": "x64" }, "sha512-689XdchgtDvZQWFFx1szUvm/mqrq/v6laki0odq5FAfcSgUeLu3w+z6UicBS5l55eFJuQTDNKARFqrKJ04e+Vw=="],

    "lefthook-linux-arm64": ["lefthook-linux-arm64@1.11.13", "", { "os": "linux", "cpu": "arm64" }, "sha512-ujCLbaZg5S/Ao8KZAcNSb+Y3gl898ZEM0YKyiZmZo22dFFpm/5gcV46pF3xaqIw5IpH+3YYDTKDU+qTetmARyQ=="],

    "lefthook-linux-x64": ["lefthook-linux-x64@1.11.13", "", { "os": "linux", "cpu": "x64" }, "sha512-O5WdodeBtFOXQlvPcckqp4W/yqVM9DbVQBkvOxwSJlmsxO4sGYK1TqdxH9ihLB85B2kPPssZj9ze36/oizzhVQ=="],

    "lefthook-openbsd-arm64": ["lefthook-openbsd-arm64@1.11.13", "", { "os": "openbsd", "cpu": "arm64" }, "sha512-SyBpciUfvY/lUDbZu7L6MtL/SVG2+yMTckBgb4PdJQhJlisY0IsyOYdlTw2icPPrY7JnwdsFv8UW0EJOB76W4g=="],

    "lefthook-openbsd-x64": ["lefthook-openbsd-x64@1.11.13", "", { "os": "openbsd", "cpu": "x64" }, "sha512-6+/0j6O2dzo9cjTWUKfL2J6hRR7Krna/ssqnW8cWh8QHZKO9WJn34epto9qgjeHwSysou8byI7Mwv5zOGthLCQ=="],

    "lefthook-windows-arm64": ["lefthook-windows-arm64@1.11.13", "", { "os": "win32", "cpu": "arm64" }, "sha512-w5TwZ8bsZ17uOMtYGc5oEb4tCHjNTSeSXRy6H9Yic8E7IsPZtZLkaZGnIIwgXFuhhrcCdc6FuTvKt2tyV7EW2g=="],

    "lefthook-windows-x64": ["lefthook-windows-x64@1.11.13", "", { "os": "win32", "cpu": "x64" }, "sha512-7lvwnIs8CNOXKU4y3i1Pbqna+QegIORkSD2VCuHBNpIJ8H84NpjoG3tKU91IM/aI1a2eUvCk+dw+1rfMRz7Ytg=="],
  }
}
